
Microsoft Visual Studio Solution File, Format Version 12.00
# Visual Studio Version 17
VisualStudioVersion = 17.4.33103.184
MinimumVisualStudioVersion = 10.0.40219.1
Project("{FAE04EC0-301F-11D3-BF4B-00C04F79EFBC}") = "UITool.Test", "UITool.Test\UITool.Test.csproj", "{C877FF97-DED7-43BE-9991-26E69B6DEBF4}"
EndProject
Project("{FAE04EC0-301F-11D3-BF4B-00C04F79EFBC}") = "UITool.UI", "UITool.UI\UITool.UI.csproj", "{63E29C53-1777-4381-8E54-7D434FEA30BC}"
EndProject
Project("{FAE04EC0-301F-11D3-BF4B-00C04F79EFBC}") = "UTTool.Core", "UTTool.Core\UTTool.Core.csproj", "{D7D2A495-996A-422F-8B5A-43AB0C4945F8}"
EndProject
Global
	GlobalSection(SolutionConfigurationPlatforms) = preSolution
		Debug|Any CPU = Debug|Any CPU
		Release|Any CPU = Release|Any CPU
	EndGlobalSection
	GlobalSection(ProjectConfigurationPlatforms) = postSolution
		{C877FF97-DED7-43BE-9991-26E69B6DEBF4}.Debug|Any CPU.ActiveCfg = Debug|Any CPU
		{C877FF97-DED7-43BE-9991-26E69B6DEBF4}.Debug|Any CPU.Build.0 = Debug|Any CPU
		{C877FF97-DED7-43BE-9991-26E69B6DEBF4}.Release|Any CPU.ActiveCfg = Release|Any CPU
		{C877FF97-DED7-43BE-9991-26E69B6DEBF4}.Release|Any CPU.Build.0 = Release|Any CPU
		{63E29C53-1777-4381-8E54-7D434FEA30BC}.Debug|Any CPU.ActiveCfg = Debug|Any CPU
		{63E29C53-1777-4381-8E54-7D434FEA30BC}.Debug|Any CPU.Build.0 = Debug|Any CPU
		{63E29C53-1777-4381-8E54-7D434FEA30BC}.Release|Any CPU.ActiveCfg = Release|Any CPU
		{63E29C53-1777-4381-8E54-7D434FEA30BC}.Release|Any CPU.Build.0 = Release|Any CPU
		{D7D2A495-996A-422F-8B5A-43AB0C4945F8}.Debug|Any CPU.ActiveCfg = Debug|Any CPU
		{D7D2A495-996A-422F-8B5A-43AB0C4945F8}.Debug|Any CPU.Build.0 = Debug|Any CPU
		{D7D2A495-996A-422F-8B5A-43AB0C4945F8}.Release|Any CPU.ActiveCfg = Release|Any CPU
		{D7D2A495-996A-422F-8B5A-43AB0C4945F8}.Release|Any CPU.Build.0 = Release|Any CPU
	EndGlobalSection
	GlobalSection(SolutionProperties) = preSolution
		HideSolutionNode = FALSE
	EndGlobalSection
	GlobalSection(ExtensibilityGlobals) = postSolution
		SolutionGuid = {AFC9C985-F2D7-480A-920B-501D9ED9D91A}
	EndGlobalSection
EndGlobal
